
Microsoft Visual Studio Solution File, Format Version 12.00
# Visual Studio Version 17
VisualStudioVersion = 17.14.36811.4
MinimumVisualStudioVersion = 10.0.40219.1
Project("{FAE04EC0-301F-11D3-BF4B-00C04F79EFBC}") = "SearchEngine.Api", "SearchEngine.Api\SearchEngine.Api.csproj", "{91E6E4A6-C4C1-4ECE-A5CE-0BDBB505A260}"
EndProject
Project("{FAE04EC0-301F-11D3-BF4B-00C04F79EFBC}") = "SearchEngine.Core", "SearchEngine.Core\SearchEngine.Core.csproj", "{44735947-4B49-444D-A7BB-86F84C66A9A9}"
EndProject
Project("{FAE04EC0-301F-11D3-BF4B-00C04F79EFBC}") = "SearchEngine.Tests", "SearchEngine.Tests\SearchEngine.Tests.csproj", "{3BFEA7FE-A870-4486-9D94-AD9AE7E3DE55}"
EndProject
Project("{FAE04EC0-301F-11D3-BF4B-00C04F79EFBC}") = "SearchEngine.Models", "SearchEngine.Models\SearchEngine.Models.csproj", "{137C0F85-9FEA-43F4-A820-33E83F1C1259}"
EndProject
Global
	GlobalSection(SolutionConfigurationPlatforms) = preSolution
		Debug|Any CPU = Debug|Any CPU
		Release|Any CPU = Release|Any CPU
	EndGlobalSection
	GlobalSection(ProjectConfigurationPlatforms) = postSolution
		{91E6E4A6-C4C1-4ECE-A5CE-0BDBB505A260}.Debug|Any CPU.ActiveCfg = Debug|Any CPU
		{91E6E4A6-C4C1-4ECE-A5CE-0BDBB505A260}.Debug|Any CPU.Build.0 = Debug|Any CPU
		{91E6E4A6-C4C1-4ECE-A5CE-0BDBB505A260}.Release|Any CPU.ActiveCfg = Release|Any CPU
		{91E6E4A6-C4C1-4ECE-A5CE-0BDBB505A260}.Release|Any CPU.Build.0 = Release|Any CPU
		{44735947-4B49-444D-A7BB-86F84C66A9A9}.Debug|Any CPU.ActiveCfg = Debug|Any CPU
		{44735947-4B49-444D-A7BB-86F84C66A9A9}.Debug|Any CPU.Build.0 = Debug|Any CPU
		{44735947-4B49-444D-A7BB-86F84C66A9A9}.Release|Any CPU.ActiveCfg = Release|Any CPU
		{44735947-4B49-444D-A7BB-86F84C66A9A9}.Release|Any CPU.Build.0 = Release|Any CPU
		{3BFEA7FE-A870-4486-9D94-AD9AE7E3DE55}.Debug|Any CPU.ActiveCfg = Debug|Any CPU
		{3BFEA7FE-A870-4486-9D94-AD9AE7E3DE55}.Debug|Any CPU.Build.0 = Debug|Any CPU
		{3BFEA7FE-A870-4486-9D94-AD9AE7E3DE55}.Release|Any CPU.ActiveCfg = Release|Any CPU
		{3BFEA7FE-A870-4486-9D94-AD9AE7E3DE55}.Release|Any CPU.Build.0 = Release|Any CPU
		{137C0F85-9FEA-43F4-A820-33E83F1C1259}.Debug|Any CPU.ActiveCfg = Debug|Any CPU
		{137C0F85-9FEA-43F4-A820-33E83F1C1259}.Debug|Any CPU.Build.0 = Debug|Any CPU
		{137C0F85-9FEA-43F4-A820-33E83F1C1259}.Release|Any CPU.ActiveCfg = Release|Any CPU
		{137C0F85-9FEA-43F4-A820-33E83F1C1259}.Release|Any CPU.Build.0 = Release|Any CPU
	EndGlobalSection
	GlobalSection(SolutionProperties) = preSolution
		HideSolutionNode = FALSE
	EndGlobalSection
	GlobalSection(ExtensibilityGlobals) = postSolution
		SolutionGuid = {E8378F07-A846-4C9B-898A-04B430388DE0}
	EndGlobalSection
EndGlobal
